
Microsoft Visual Studio Solution File, Format Version 12.00
# Visual Studio Version 17
VisualStudioVersion = 17.14.36930.0
MinimumVisualStudioVersion = 10.0.40219.1
Project("{54A90642-561A-4BB1-A94E-469ADEE60C69}") = "Backend", "Server\Backend.esproj", "{BE8D07AA-AC16-0558-7E39-F74B9D8671F5}"
EndProject
Project("{2150E333-8FDC-42A3-9474-1A3956D46DE8}") = "Solution Items", "Solution Items", "{8EC462FD-D22E-90A8-E5CE-7E832BA40C5D}"
	ProjectSection(SolutionItems) = preProject
		..\.github\instructions\.instructions.md = ..\.github\instructions\.instructions.md
		README.md = README.md
	EndProjectSection
EndProject
Project("{54A90642-561A-4BB1-A94E-469ADEE60C69}") = "FrontEnd", "FrontEnd\FrontEnd.esproj", "{462EE049-9FE1-B47D-1B3E-22BACA5D9185}"
EndProject
Global
	GlobalSection(SolutionConfigurationPlatforms) = preSolution
		Debug|Any CPU = Debug|Any CPU
		Release|Any CPU = Release|Any CPU
	EndGlobalSection
	GlobalSection(ProjectConfigurationPlatforms) = postSolution
		{BE8D07AA-AC16-0558-7E39-F74B9D8671F5}.Debug|Any CPU.ActiveCfg = Debug|Any CPU
		{BE8D07AA-AC16-0558-7E39-F74B9D8671F5}.Debug|Any CPU.Build.0 = Debug|Any CPU
		{BE8D07AA-AC16-0558-7E39-F74B9D8671F5}.Debug|Any CPU.Deploy.0 = Debug|Any CPU
		{BE8D07AA-AC16-0558-7E39-F74B9D8671F5}.Release|Any CPU.ActiveCfg = Release|Any CPU
		{BE8D07AA-AC16-0558-7E39-F74B9D8671F5}.Release|Any CPU.Build.0 = Release|Any CPU
		{BE8D07AA-AC16-0558-7E39-F74B9D8671F5}.Release|Any CPU.Deploy.0 = Release|Any CPU
		{462EE049-9FE1-B47D-1B3E-22BACA5D9185}.Debug|Any CPU.ActiveCfg = Debug|Any CPU
		{462EE049-9FE1-B47D-1B3E-22BACA5D9185}.Debug|Any CPU.Build.0 = Debug|Any CPU
		{462EE049-9FE1-B47D-1B3E-22BACA5D9185}.Debug|Any CPU.Deploy.0 = Debug|Any CPU
		{462EE049-9FE1-B47D-1B3E-22BACA5D9185}.Release|Any CPU.ActiveCfg = Release|Any CPU
		{462EE049-9FE1-B47D-1B3E-22BACA5D9185}.Release|Any CPU.Build.0 = Release|Any CPU
		{462EE049-9FE1-B47D-1B3E-22BACA5D9185}.Release|Any CPU.Deploy.0 = Release|Any CPU
	EndGlobalSection
	GlobalSection(SolutionProperties) = preSolution
		HideSolutionNode = FALSE
	EndGlobalSection
	GlobalSection(ExtensibilityGlobals) = postSolution
		SolutionGuid = {BC291CAF-D042-481B-B595-570441D03009}
	EndGlobalSection
EndGlobal
